{
    "version": 3,
    "terraform_version": "0.11.7",
    "serial": 6,
    "lineage": "f78f2cc2-9e14-7c72-c479-b6ab6c6175f9",
    "modules": [
        {
            "path": [
                "root"
            ],
            "outputs": {},
            "resources": {
                "aws_instance.howes_grocery": {
                    "type": "aws_instance",
                    "depends_on": [
                        "data.aws_ami.centos7",
                        "local.project",
                        "module.howes_grocery_sg",
                        "module.vpc"
                    ],
                    "primary": {
                        "id": "i-0090efadb975af7ae",
                        "attributes": {
                            "ami": "ami-9887c6e7",
                            "arn": "arn:aws:ec2:us-east-1:992175897595:instance/i-0090efadb975af7ae",
                            "associate_public_ip_address": "true",
                            "availability_zone": "us-east-1a",
                            "cpu_core_count": "1",
                            "cpu_threads_per_core": "1",
                            "credit_specification.#": "1",
                            "credit_specification.0.cpu_credits": "standard",
                            "disable_api_termination": "false",
                            "ebs_block_device.#": "1",
                            "ebs_block_device.3905984573.delete_on_termination": "true",
                            "ebs_block_device.3905984573.device_name": "/dev/xvdb",
                            "ebs_block_device.3905984573.encrypted": "false",
                            "ebs_block_device.3905984573.iops": "0",
                            "ebs_block_device.3905984573.snapshot_id": "",
                            "ebs_block_device.3905984573.volume_id": "vol-04d0be8caa8c546d9",
                            "ebs_block_device.3905984573.volume_size": "2",
                            "ebs_block_device.3905984573.volume_type": "standard",
                            "ebs_optimized": "false",
                            "ephemeral_block_device.#": "0",
                            "get_password_data": "false",
                            "iam_instance_profile": "",
                            "id": "i-0090efadb975af7ae",
                            "instance_state": "running",
                            "instance_type": "t2.small",
                            "ipv6_addresses.#": "0",
                            "key_name": "howes_grocery-staging",
                            "monitoring": "false",
                            "network_interface.#": "0",
                            "network_interface_id": "eni-00fa3406ad0265761",
                            "password_data": "",
                            "placement_group": "",
                            "primary_network_interface_id": "eni-00fa3406ad0265761",
                            "private_dns": "ip-10-0-1-8.ec2.internal",
                            "private_ip": "10.0.1.8",
                            "public_dns": "ec2-35-170-59-139.compute-1.amazonaws.com",
                            "public_ip": "35.170.59.139",
                            "root_block_device.#": "1",
                            "root_block_device.0.delete_on_termination": "false",
                            "root_block_device.0.iops": "100",
                            "root_block_device.0.volume_id": "vol-0366909ac420dce8b",
                            "root_block_device.0.volume_size": "8",
                            "root_block_device.0.volume_type": "gp2",
                            "security_groups.#": "0",
                            "source_dest_check": "true",
                            "subnet_id": "subnet-0763ee3ad17683bbd",
                            "tags.%": "1",
                            "tags.Name": "howes-grocery-staging",
                            "tenancy": "default",
                            "volume_tags.%": "0",
                            "vpc_security_group_ids.#": "1",
                            "vpc_security_group_ids.2945504304": "sg-0b8128aecfd8a6dbb"
                        },
                        "meta": {
                            "e2bfb730-ecaa-11e6-8f88-34363bc7c4c0": {
                                "create": 600000000000,
                                "delete": 1200000000000,
                                "update": 600000000000
                            },
                            "schema_version": "1"
                        },
                        "tainted": false
                    },
                    "deposed": [],
                    "provider": "provider.aws"
                },
                "aws_s3_bucket.bucket": {
                    "type": "aws_s3_bucket",
                    "depends_on": [
                        "local.project"
                    ],
                    "primary": {
                        "id": "com-howes-grocery-staging",
                        "attributes": {
                            "acceleration_status": "",
                            "acl": "private",
                            "arn": "arn:aws:s3:::com-howes-grocery-staging",
                            "bucket": "com-howes-grocery-staging",
                            "bucket_domain_name": "com-howes-grocery-staging.s3.amazonaws.com",
                            "bucket_regional_domain_name": "com-howes-grocery-staging.s3.amazonaws.com",
                            "cors_rule.#": "0",
                            "force_destroy": "false",
                            "hosted_zone_id": "Z3AQBSTGFYJSTF",
                            "id": "com-howes-grocery-staging",
                            "lifecycle_rule.#": "0",
                            "logging.#": "0",
                            "region": "us-east-1",
                            "replication_configuration.#": "0",
                            "request_payer": "BucketOwner",
                            "server_side_encryption_configuration.#": "0",
                            "tags.%": "1",
                            "tags.Name": "com-howes-grocery-staging",
                            "versioning.#": "1",
                            "versioning.0.enabled": "false",
                            "versioning.0.mfa_delete": "false",
                            "website.#": "0"
                        },
                        "meta": {},
                        "tainted": false
                    },
                    "deposed": [],
                    "provider": "provider.aws"
                },
                "aws_s3_bucket_policy.bucket": {
                    "type": "aws_s3_bucket_policy",
                    "depends_on": [
                        "aws_s3_bucket.bucket",
                        "local.project",
                        "module.vpc"
                    ],
                    "primary": {
                        "id": "com-howes-grocery-staging",
                        "attributes": {
                            "bucket": "com-howes-grocery-staging",
                            "id": "com-howes-grocery-staging",
                            "policy": "{\"Version\":\"2012-10-17\",\"Id\":\"howes-grocery-staging-policy\",\"Statement\":[{\"Sid\":\"Access-to-specific-VPCE-only\",\"Effect\":\"Allow\",\"Principal\":\"*\",\"Action\":\"s3:*\",\"Resource\":[\"arn:aws:s3:::com-howes-grocery-staging\",\"arn:aws:s3:::com-howes-grocery-staging/*\"],\"Condition\":{\"StringEquals\":{\"aws:sourceVpce\":\"vpce-04e71c419bcb418a3\"}}}]}"
                        },
                        "meta": {},
                        "tainted": false
                    },
                    "deposed": [],
                    "provider": "provider.aws"
                },
                "data.aws_ami.centos7": {
                    "type": "aws_ami",
                    "depends_on": [],
                    "primary": {
                        "id": "ami-9887c6e7",
                        "attributes": {
                            "architecture": "x86_64",
                            "block_device_mappings.#": "1",
                            "block_device_mappings.1270490221.device_name": "/dev/sda1",
                            "block_device_mappings.1270490221.ebs.%": "6",
                            "block_device_mappings.1270490221.ebs.delete_on_termination": "false",
                            "block_device_mappings.1270490221.ebs.encrypted": "false",
                            "block_device_mappings.1270490221.ebs.iops": "0",
                            "block_device_mappings.1270490221.ebs.snapshot_id": "snap-023d6b823522a85e2",
                            "block_device_mappings.1270490221.ebs.volume_size": "8",
                            "block_device_mappings.1270490221.ebs.volume_type": "gp2",
                            "block_device_mappings.1270490221.no_device": "",
                            "block_device_mappings.1270490221.virtual_name": "",
                            "creation_date": "2018-06-13T15:53:24.000Z",
                            "description": "CentOS Linux 7 x86_64 HVM EBS ENA 1805_01",
                            "filter.#": "1",
                            "filter.4016651353.name": "name",
                            "filter.4016651353.values.#": "1",
                            "filter.4016651353.values.0": "CentOS Linux 7*",
                            "hypervisor": "xen",
                            "id": "ami-9887c6e7",
                            "image_id": "ami-9887c6e7",
                            "image_location": "aws-marketplace/CentOS Linux 7 x86_64 HVM EBS ENA 1805_01-b7ee8a69-ee97-4a49-9e68-afaee216db2e-ami-77ec9308.4",
                            "image_owner_alias": "aws-marketplace",
                            "image_type": "machine",
                            "most_recent": "true",
                            "name": "CentOS Linux 7 x86_64 HVM EBS ENA 1805_01-b7ee8a69-ee97-4a49-9e68-afaee216db2e-ami-77ec9308.4",
                            "owner_id": "679593333241",
                            "owners.#": "1",
                            "owners.0": "679593333241",
                            "product_codes.#": "1",
                            "product_codes.347650389.product_code_id": "aw0evgkw8e5c1q413zgy5pjce",
                            "product_codes.347650389.product_code_type": "marketplace",
                            "public": "true",
                            "root_device_name": "/dev/sda1",
                            "root_device_type": "ebs",
                            "root_snapshot_id": "snap-023d6b823522a85e2",
                            "sriov_net_support": "simple",
                            "state": "available",
                            "state_reason.%": "2",
                            "state_reason.code": "UNSET",
                            "state_reason.message": "UNSET",
                            "tags.%": "0",
                            "virtualization_type": "hvm"
                        },
                        "meta": {},
                        "tainted": false
                    },
                    "deposed": [],
                    "provider": "provider.aws"
                }
            },
            "depends_on": []
        },
        {
            "path": [
                "root",
                "howes_grocery_sg"
            ],
            "outputs": {
                "this_security_group_description": {
                    "sensitive": false,
                    "type": "string",
                    "value": "Security group for howes-grocery-staging"
                },
                "this_security_group_id": {
                    "sensitive": false,
                    "type": "string",
                    "value": "sg-0b8128aecfd8a6dbb"
                },
                "this_security_group_name": {
                    "sensitive": false,
                    "type": "string",
                    "value": "howes-grocery-staging"
                },
                "this_security_group_owner_id": {
                    "sensitive": false,
                    "type": "string",
                    "value": "992175897595"
                },
                "this_security_group_vpc_id": {
                    "sensitive": false,
                    "type": "string",
                    "value": "vpc-0eba6dfb87116efce"
                }
            },
            "resources": {
                "aws_security_group.this": {
                    "type": "aws_security_group",
                    "depends_on": [],
                    "primary": {
                        "id": "sg-0b8128aecfd8a6dbb",
                        "attributes": {
                            "arn": "arn:aws:ec2:us-east-1:992175897595:security-group/sg-0b8128aecfd8a6dbb",
                            "description": "Security group for howes-grocery-staging",
                            "egress.#": "1",
                            "egress.2165290566.cidr_blocks.#": "1",
                            "egress.2165290566.cidr_blocks.0": "0.0.0.0/0",
                            "egress.2165290566.description": "All protocols",
                            "egress.2165290566.from_port": "0",
                            "egress.2165290566.ipv6_cidr_blocks.#": "1",
                            "egress.2165290566.ipv6_cidr_blocks.0": "::/0",
                            "egress.2165290566.prefix_list_ids.#": "0",
                            "egress.2165290566.protocol": "-1",
                            "egress.2165290566.security_groups.#": "0",
                            "egress.2165290566.self": "false",
                            "egress.2165290566.to_port": "0",
                            "id": "sg-0b8128aecfd8a6dbb",
                            "ingress.#": "4",
                            "ingress.1116238549.cidr_blocks.#": "1",
                            "ingress.1116238549.cidr_blocks.0": "0.0.0.0/0",
                            "ingress.1116238549.description": "SSH",
                            "ingress.1116238549.from_port": "22",
                            "ingress.1116238549.ipv6_cidr_blocks.#": "0",
                            "ingress.1116238549.prefix_list_ids.#": "0",
                            "ingress.1116238549.protocol": "tcp",
                            "ingress.1116238549.security_groups.#": "0",
                            "ingress.1116238549.self": "false",
                            "ingress.1116238549.to_port": "22",
                            "ingress.1307756549.cidr_blocks.#": "0",
                            "ingress.1307756549.description": "Ingress Rule",
                            "ingress.1307756549.from_port": "0",
                            "ingress.1307756549.ipv6_cidr_blocks.#": "0",
                            "ingress.1307756549.prefix_list_ids.#": "0",
                            "ingress.1307756549.protocol": "-1",
                            "ingress.1307756549.security_groups.#": "0",
                            "ingress.1307756549.self": "true",
                            "ingress.1307756549.to_port": "0",
                            "ingress.2776738622.cidr_blocks.#": "1",
                            "ingress.2776738622.cidr_blocks.0": "0.0.0.0/0",
                            "ingress.2776738622.description": "HTTP",
                            "ingress.2776738622.from_port": "80",
                            "ingress.2776738622.ipv6_cidr_blocks.#": "0",
                            "ingress.2776738622.prefix_list_ids.#": "0",
                            "ingress.2776738622.protocol": "tcp",
                            "ingress.2776738622.security_groups.#": "0",
                            "ingress.2776738622.self": "false",
                            "ingress.2776738622.to_port": "80",
                            "ingress.542093528.cidr_blocks.#": "1",
                            "ingress.542093528.cidr_blocks.0": "0.0.0.0/0",
                            "ingress.542093528.description": "HTTPS",
                            "ingress.542093528.from_port": "443",
                            "ingress.542093528.ipv6_cidr_blocks.#": "0",
                            "ingress.542093528.prefix_list_ids.#": "0",
                            "ingress.542093528.protocol": "tcp",
                            "ingress.542093528.security_groups.#": "0",
                            "ingress.542093528.self": "false",
                            "ingress.542093528.to_port": "443",
                            "name": "howes-grocery-staging",
                            "owner_id": "992175897595",
                            "revoke_rules_on_delete": "false",
                            "tags.%": "1",
                            "tags.Name": "howes-grocery-staging",
                            "vpc_id": "vpc-0eba6dfb87116efce"
                        },
                        "meta": {
                            "e2bfb730-ecaa-11e6-8f88-34363bc7c4c0": {
                                "create": 600000000000,
                                "delete": 600000000000
                            },
                            "schema_version": "1"
                        },
                        "tainted": false
                    },
                    "deposed": [],
                    "provider": "provider.aws"
                },
                "aws_security_group_rule.egress_rules": {
                    "type": "aws_security_group_rule",
                    "depends_on": [
                        "aws_security_group.this"
                    ],
                    "primary": {
                        "id": "sgrule-3802595626",
                        "attributes": {
                            "cidr_blocks.#": "1",
                            "cidr_blocks.0": "0.0.0.0/0",
                            "description": "All protocols",
                            "from_port": "0",
                            "id": "sgrule-3802595626",
                            "ipv6_cidr_blocks.#": "1",
                            "ipv6_cidr_blocks.0": "::/0",
                            "prefix_list_ids.#": "0",
                            "protocol": "-1",
                            "security_group_id": "sg-0b8128aecfd8a6dbb",
                            "self": "false",
                            "to_port": "0",
                            "type": "egress"
                        },
                        "meta": {
                            "schema_version": "2"
                        },
                        "tainted": false
                    },
                    "deposed": [],
                    "provider": "provider.aws"
                },
                "aws_security_group_rule.ingress_rules.0": {
                    "type": "aws_security_group_rule",
                    "depends_on": [
                        "aws_security_group.this"
                    ],
                    "primary": {
                        "id": "sgrule-3136519517",
                        "attributes": {
                            "cidr_blocks.#": "1",
                            "cidr_blocks.0": "0.0.0.0/0",
                            "description": "HTTPS",
                            "from_port": "443",
                            "id": "sgrule-3136519517",
                            "ipv6_cidr_blocks.#": "0",
                            "prefix_list_ids.#": "0",
                            "protocol": "tcp",
                            "security_group_id": "sg-0b8128aecfd8a6dbb",
                            "self": "false",
                            "to_port": "443",
                            "type": "ingress"
                        },
                        "meta": {
                            "schema_version": "2"
                        },
                        "tainted": false
                    },
                    "deposed": [],
                    "provider": "provider.aws"
                },
                "aws_security_group_rule.ingress_rules.1": {
                    "type": "aws_security_group_rule",
                    "depends_on": [
                        "aws_security_group.this"
                    ],
                    "primary": {
                        "id": "sgrule-407784369",
                        "attributes": {
                            "cidr_blocks.#": "1",
                            "cidr_blocks.0": "0.0.0.0/0",
                            "description": "HTTP",
                            "from_port": "80",
                            "id": "sgrule-407784369",
                            "ipv6_cidr_blocks.#": "0",
                            "prefix_list_ids.#": "0",
                            "protocol": "tcp",
                            "security_group_id": "sg-0b8128aecfd8a6dbb",
                            "self": "false",
                            "to_port": "80",
                            "type": "ingress"
                        },
                        "meta": {
                            "schema_version": "2"
                        },
                        "tainted": false
                    },
                    "deposed": [],
                    "provider": "provider.aws"
                },
                "aws_security_group_rule.ingress_rules.2": {
                    "type": "aws_security_group_rule",
                    "depends_on": [
                        "aws_security_group.this"
                    ],
                    "primary": {
                        "id": "sgrule-2932086276",
                        "attributes": {
                            "cidr_blocks.#": "1",
                            "cidr_blocks.0": "0.0.0.0/0",
                            "description": "SSH",
                            "from_port": "22",
                            "id": "sgrule-2932086276",
                            "ipv6_cidr_blocks.#": "0",
                            "prefix_list_ids.#": "0",
                            "protocol": "tcp",
                            "security_group_id": "sg-0b8128aecfd8a6dbb",
                            "self": "false",
                            "to_port": "22",
                            "type": "ingress"
                        },
                        "meta": {
                            "schema_version": "2"
                        },
                        "tainted": false
                    },
                    "deposed": [],
                    "provider": "provider.aws"
                },
                "aws_security_group_rule.ingress_with_self": {
                    "type": "aws_security_group_rule",
                    "depends_on": [
                        "aws_security_group.this"
                    ],
                    "primary": {
                        "id": "sgrule-3119095633",
                        "attributes": {
                            "cidr_blocks.#": "0",
                            "description": "Ingress Rule",
                            "from_port": "0",
                            "id": "sgrule-3119095633",
                            "ipv6_cidr_blocks.#": "0",
                            "prefix_list_ids.#": "0",
                            "protocol": "-1",
                            "security_group_id": "sg-0b8128aecfd8a6dbb",
                            "self": "true",
                            "source_security_group_id": "sg-0b8128aecfd8a6dbb",
                            "to_port": "0",
                            "type": "ingress"
                        },
                        "meta": {
                            "schema_version": "2"
                        },
                        "tainted": false
                    },
                    "deposed": [],
                    "provider": "provider.aws"
                }
            },
            "depends_on": []
        },
        {
            "path": [
                "root",
                "rds"
            ],
            "outputs": {
                "this_db_instance_name": {
                    "sensitive": false,
                    "type": "string",
                    "value": "howes_grocery_staging"
                },
                "this_db_instance_password": {
                    "sensitive": false,
                    "type": "string",
                    "value": "crxFgAKJu9y7yHmCuH7P"
                },
                "this_db_instance_port": {
                    "sensitive": false,
                    "type": "string",
                    "value": "3306"
                },
                "this_db_instance_username": {
                    "sensitive": false,
                    "type": "string",
                    "value": "app"
                },
                "this_db_option_group_arn": {
                    "sensitive": false,
                    "type": "string",
                    "value": ""
                },
                "this_db_option_group_id": {
                    "sensitive": false,
                    "type": "string",
                    "value": ""
                },
                "this_db_parameter_group_arn": {
                    "sensitive": false,
                    "type": "string",
                    "value": ""
                },
                "this_db_parameter_group_id": {
                    "sensitive": false,
                    "type": "string",
                    "value": ""
                },
                "this_db_subnet_group_arn": {
                    "sensitive": false,
                    "type": "string",
                    "value": ""
                },
                "this_db_subnet_group_id": {
                    "sensitive": false,
                    "type": "string",
                    "value": ""
                }
            },
            "resources": {},
            "depends_on": []
        },
        {
            "path": [
                "root",
                "vpc"
            ],
            "outputs": {
                "database_subnet_group": {
                    "sensitive": false,
                    "type": "string",
                    "value": "howes-grocery-staging"
                },
                "database_subnets": {
                    "sensitive": false,
                    "type": "list",
                    "value": [
                        "subnet-0769dfd1ba741e406",
                        "subnet-01a5ef68b5bf261b7",
                        "subnet-0e4803e2a772bbf61",
                        "subnet-0a6e118d2e348f440"
                    ]
                },
                "database_subnets_cidr_blocks": {
                    "sensitive": false,
                    "type": "list",
                    "value": [
                        "10.0.254.0/24",
                        "10.0.253.0/24",
                        "10.0.252.0/24",
                        "10.0.251.0/24"
                    ]
                },
                "default_network_acl_id": {
                    "sensitive": false,
                    "type": "string",
                    "value": "acl-0f700161b38cc40de"
                },
                "default_route_table_id": {
                    "sensitive": false,
                    "type": "string",
                    "value": "rtb-042b7791be39767b3"
                },
                "default_security_group_id": {
                    "sensitive": false,
                    "type": "string",
                    "value": "sg-018ecdba6d434d674"
                },
                "default_vpc_cidr_block": {
                    "sensitive": false,
                    "type": "string",
                    "value": ""
                },
                "default_vpc_default_network_acl_id": {
                    "sensitive": false,
                    "type": "string",
                    "value": ""
                },
                "default_vpc_default_route_table_id": {
                    "sensitive": false,
                    "type": "string",
                    "value": ""
                },
                "default_vpc_default_security_group_id": {
                    "sensitive": false,
                    "type": "string",
                    "value": ""
                },
                "default_vpc_enable_dns_hostnames": {
                    "sensitive": false,
                    "type": "string",
                    "value": ""
                },
                "default_vpc_enable_dns_support": {
                    "sensitive": false,
                    "type": "string",
                    "value": ""
                },
                "default_vpc_id": {
                    "sensitive": false,
                    "type": "string",
                    "value": ""
                },
                "default_vpc_instance_tenancy": {
                    "sensitive": false,
                    "type": "string",
                    "value": ""
                },
                "default_vpc_main_route_table_id": {
                    "sensitive": false,
                    "type": "string",
                    "value": ""
                },
                "elasticache_subnet_group": {
                    "sensitive": false,
                    "type": "string",
                    "value": ""
                },
                "elasticache_subnet_group_name": {
                    "sensitive": false,
                    "type": "string",
                    "value": ""
                },
                "elasticache_subnets": {
                    "sensitive": false,
                    "type": "list",
                    "value": []
                },
                "elasticache_subnets_cidr_blocks": {
                    "sensitive": false,
                    "type": "list",
                    "value": []
                },
                "igw_id": {
                    "sensitive": false,
                    "type": "string",
                    "value": "igw-03042f2527cee3400"
                },
                "nat_ids": {
                    "sensitive": false,
                    "type": "list",
                    "value": []
                },
                "nat_public_ips": {
                    "sensitive": false,
                    "type": "list",
                    "value": []
                },
                "natgw_ids": {
                    "sensitive": false,
                    "type": "list",
                    "value": []
                },
                "private_route_table_ids": {
                    "sensitive": false,
                    "type": "list",
                    "value": [
                        "rtb-0f88703fb6ba2378d",
                        "rtb-02fc308ea87c4ab5d",
                        "rtb-0c1280571ecc22f6e",
                        "rtb-09bd28be0f1676883"
                    ]
                },
                "private_subnets": {
                    "sensitive": false,
                    "type": "list",
                    "value": [
                        "subnet-00412afe71be449dd",
                        "subnet-0360eb07fde780668",
                        "subnet-0a4c3317b23f1ea1f",
                        "subnet-0e1bffc6653e74b65"
                    ]
                },
                "private_subnets_cidr_blocks": {
                    "sensitive": false,
                    "type": "list",
                    "value": [
                        "10.0.5.0/24",
                        "10.0.6.0/24",
                        "10.0.7.0/24",
                        "10.0.8.0/24"
                    ]
                },
                "public_route_table_ids": {
                    "sensitive": false,
                    "type": "list",
                    "value": [
                        "rtb-0c695c51057f5a164"
                    ]
                },
                "public_subnets": {
                    "sensitive": false,
                    "type": "list",
                    "value": [
                        "subnet-0763ee3ad17683bbd",
                        "subnet-047f8fee4e2b32136",
                        "subnet-0bfda90227e10279e",
                        "subnet-0d18d4ba201ddd46b"
                    ]
                },
                "public_subnets_cidr_blocks": {
                    "sensitive": false,
                    "type": "list",
                    "value": [
                        "10.0.1.0/24",
                        "10.0.2.0/24",
                        "10.0.3.0/24",
                        "10.0.4.0/24"
                    ]
                },
                "redshift_subnet_group": {
                    "sensitive": false,
                    "type": "string",
                    "value": ""
                },
                "redshift_subnets": {
                    "sensitive": false,
                    "type": "list",
                    "value": []
                },
                "redshift_subnets_cidr_blocks": {
                    "sensitive": false,
                    "type": "list",
                    "value": []
                },
                "vgw_id": {
                    "sensitive": false,
                    "type": "string",
                    "value": ""
                },
                "vpc_cidr_block": {
                    "sensitive": false,
                    "type": "string",
                    "value": "10.0.0.0/16"
                },
                "vpc_enable_dns_hostnames": {
                    "sensitive": false,
                    "type": "string",
                    "value": "true"
                },
                "vpc_enable_dns_support": {
                    "sensitive": false,
                    "type": "string",
                    "value": "true"
                },
                "vpc_endpoint_dynamodb_id": {
                    "sensitive": false,
                    "type": "string",
                    "value": ""
                },
                "vpc_endpoint_dynamodb_pl_id": {
                    "sensitive": false,
                    "type": "string",
                    "value": ""
                },
                "vpc_endpoint_s3_id": {
                    "sensitive": false,
                    "type": "string",
                    "value": "vpce-04e71c419bcb418a3"
                },
                "vpc_endpoint_s3_pl_id": {
                    "sensitive": false,
                    "type": "string",
                    "value": "pl-63a5400a"
                },
                "vpc_id": {
                    "sensitive": false,
                    "type": "string",
                    "value": "vpc-0eba6dfb87116efce"
                },
                "vpc_instance_tenancy": {
                    "sensitive": false,
                    "type": "string",
                    "value": "default"
                },
                "vpc_main_route_table_id": {
                    "sensitive": false,
                    "type": "string",
                    "value": "rtb-042b7791be39767b3"
                }
            },
            "resources": {
                "aws_db_subnet_group.database": {
                    "type": "aws_db_subnet_group",
                    "depends_on": [
                        "aws_subnet.database.*"
                    ],
                    "primary": {
                        "id": "howes-grocery-staging",
                        "attributes": {
                            "arn": "arn:aws:rds:us-east-1:992175897595:subgrp:howes-grocery-staging",
                            "description": "Database subnet group for howes-grocery-staging",
                            "id": "howes-grocery-staging",
                            "name": "howes-grocery-staging",
                            "subnet_ids.#": "4",
                            "subnet_ids.1112942078": "subnet-01a5ef68b5bf261b7",
                            "subnet_ids.2841978194": "subnet-0769dfd1ba741e406",
                            "subnet_ids.2914577482": "subnet-0e4803e2a772bbf61",
                            "subnet_ids.3731959133": "subnet-0a6e118d2e348f440",
                            "tags.%": "1",
                            "tags.Name": "howes-grocery-staging"
                        },
                        "meta": {},
                        "tainted": false
                    },
                    "deposed": [],
                    "provider": "provider.aws"
                },
                "aws_internet_gateway.this": {
                    "type": "aws_internet_gateway",
                    "depends_on": [
                        "aws_vpc.this"
                    ],
                    "primary": {
                        "id": "igw-03042f2527cee3400",
                        "attributes": {
                            "id": "igw-03042f2527cee3400",
                            "tags.%": "1",
                            "tags.Name": "howes-grocery-staging",
                            "vpc_id": "vpc-0eba6dfb87116efce"
                        },
                        "meta": {},
                        "tainted": false
                    },
                    "deposed": [],
                    "provider": "provider.aws"
                },
                "aws_route.public_internet_gateway": {
                    "type": "aws_route",
                    "depends_on": [
                        "aws_internet_gateway.this",
                        "aws_route_table.public"
                    ],
                    "primary": {
                        "id": "r-rtb-0c695c51057f5a1641080289494",
                        "attributes": {
                            "destination_cidr_block": "0.0.0.0/0",
                            "destination_prefix_list_id": "",
                            "egress_only_gateway_id": "",
                            "gateway_id": "igw-03042f2527cee3400",
                            "id": "r-rtb-0c695c51057f5a1641080289494",
                            "instance_id": "",
                            "instance_owner_id": "",
                            "nat_gateway_id": "",
                            "network_interface_id": "",
                            "origin": "CreateRoute",
                            "route_table_id": "rtb-0c695c51057f5a164",
                            "state": "active",
                            "vpc_peering_connection_id": ""
                        },
                        "meta": {
                            "e2bfb730-ecaa-11e6-8f88-34363bc7c4c0": {
                                "create": 300000000000,
                                "delete": 300000000000
                            }
                        },
                        "tainted": false
                    },
                    "deposed": [],
                    "provider": "provider.aws"
                },
                "aws_route_table.private.0": {
                    "type": "aws_route_table",
                    "depends_on": [
                        "aws_vpc.this",
                        "local.max_subnet_length",
                        "local.nat_gateway_count"
                    ],
                    "primary": {
                        "id": "rtb-0f88703fb6ba2378d",
                        "attributes": {
                            "id": "rtb-0f88703fb6ba2378d",
                            "propagating_vgws.#": "0",
                            "route.#": "0",
                            "tags.%": "1",
                            "tags.Name": "howes-grocery-staging-private-us-east-1a",
                            "vpc_id": "vpc-0eba6dfb87116efce"
                        },
                        "meta": {},
                        "tainted": false
                    },
                    "deposed": [],
                    "provider": "provider.aws"
                },
                "aws_route_table.private.1": {
                    "type": "aws_route_table",
                    "depends_on": [
                        "aws_vpc.this",
                        "local.max_subnet_length",
                        "local.nat_gateway_count"
                    ],
                    "primary": {
                        "id": "rtb-02fc308ea87c4ab5d",
                        "attributes": {
                            "id": "rtb-02fc308ea87c4ab5d",
                            "propagating_vgws.#": "0",
                            "route.#": "0",
                            "tags.%": "1",
                            "tags.Name": "howes-grocery-staging-private-us-east-1b",
                            "vpc_id": "vpc-0eba6dfb87116efce"
                        },
                        "meta": {},
                        "tainted": false
                    },
                    "deposed": [],
                    "provider": "provider.aws"
                },
                "aws_route_table.private.2": {
                    "type": "aws_route_table",
                    "depends_on": [
                        "aws_vpc.this",
                        "local.max_subnet_length",
                        "local.nat_gateway_count"
                    ],
                    "primary": {
                        "id": "rtb-0c1280571ecc22f6e",
                        "attributes": {
                            "id": "rtb-0c1280571ecc22f6e",
                            "propagating_vgws.#": "0",
                            "route.#": "0",
                            "tags.%": "1",
                            "tags.Name": "howes-grocery-staging-private-us-east-1c",
                            "vpc_id": "vpc-0eba6dfb87116efce"
                        },
                        "meta": {},
                        "tainted": false
                    },
                    "deposed": [],
                    "provider": "provider.aws"
                },
                "aws_route_table.private.3": {
                    "type": "aws_route_table",
                    "depends_on": [
                        "aws_vpc.this",
                        "local.max_subnet_length",
                        "local.nat_gateway_count"
                    ],
                    "primary": {
                        "id": "rtb-09bd28be0f1676883",
                        "attributes": {
                            "id": "rtb-09bd28be0f1676883",
                            "propagating_vgws.#": "0",
                            "route.#": "0",
                            "tags.%": "1",
                            "tags.Name": "howes-grocery-staging-private-us-east-1d",
                            "vpc_id": "vpc-0eba6dfb87116efce"
                        },
                        "meta": {},
                        "tainted": false
                    },
                    "deposed": [],
                    "provider": "provider.aws"
                },
                "aws_route_table.public": {
                    "type": "aws_route_table",
                    "depends_on": [
                        "aws_vpc.this"
                    ],
                    "primary": {
                        "id": "rtb-0c695c51057f5a164",
                        "attributes": {
                            "id": "rtb-0c695c51057f5a164",
                            "propagating_vgws.#": "0",
                            "route.#": "1",
                            "route.756123382.cidr_block": "0.0.0.0/0",
                            "route.756123382.egress_only_gateway_id": "",
                            "route.756123382.gateway_id": "igw-03042f2527cee3400",
                            "route.756123382.instance_id": "",
                            "route.756123382.ipv6_cidr_block": "",
                            "route.756123382.nat_gateway_id": "",
                            "route.756123382.network_interface_id": "",
                            "route.756123382.vpc_peering_connection_id": "",
                            "tags.%": "1",
                            "tags.Name": "howes-grocery-staging-public",
                            "vpc_id": "vpc-0eba6dfb87116efce"
                        },
                        "meta": {},
                        "tainted": false
                    },
                    "deposed": [],
                    "provider": "provider.aws"
                },
                "aws_route_table_association.database.0": {
                    "type": "aws_route_table_association",
                    "depends_on": [
                        "aws_route_table.private.*",
                        "aws_subnet.database.*"
                    ],
                    "primary": {
                        "id": "rtbassoc-091565b9424400e57",
                        "attributes": {
                            "id": "rtbassoc-091565b9424400e57",
                            "route_table_id": "rtb-0f88703fb6ba2378d",
                            "subnet_id": "subnet-0769dfd1ba741e406"
                        },
                        "meta": {},
                        "tainted": false
                    },
                    "deposed": [],
                    "provider": "provider.aws"
                },
                "aws_route_table_association.database.1": {
                    "type": "aws_route_table_association",
                    "depends_on": [
                        "aws_route_table.private.*",
                        "aws_subnet.database.*"
                    ],
                    "primary": {
                        "id": "rtbassoc-089dea4dee569618d",
                        "attributes": {
                            "id": "rtbassoc-089dea4dee569618d",
                            "route_table_id": "rtb-02fc308ea87c4ab5d",
                            "subnet_id": "subnet-01a5ef68b5bf261b7"
                        },
                        "meta": {},
                        "tainted": false
                    },
                    "deposed": [],
                    "provider": "provider.aws"
                },
                "aws_route_table_association.database.2": {
                    "type": "aws_route_table_association",
                    "depends_on": [
                        "aws_route_table.private.*",
                        "aws_subnet.database.*"
                    ],
                    "primary": {
                        "id": "rtbassoc-01259b7a1bf3dcbb3",
                        "attributes": {
                            "id": "rtbassoc-01259b7a1bf3dcbb3",
                            "route_table_id": "rtb-0c1280571ecc22f6e",
                            "subnet_id": "subnet-0e4803e2a772bbf61"
                        },
                        "meta": {},
                        "tainted": false
                    },
                    "deposed": [],
                    "provider": "provider.aws"
                },
                "aws_route_table_association.database.3": {
                    "type": "aws_route_table_association",
                    "depends_on": [
                        "aws_route_table.private.*",
                        "aws_subnet.database.*"
                    ],
                    "primary": {
                        "id": "rtbassoc-035f8eaa768c5c32f",
                        "attributes": {
                            "id": "rtbassoc-035f8eaa768c5c32f",
                            "route_table_id": "rtb-09bd28be0f1676883",
                            "subnet_id": "subnet-0a6e118d2e348f440"
                        },
                        "meta": {},
                        "tainted": false
                    },
                    "deposed": [],
                    "provider": "provider.aws"
                },
                "aws_route_table_association.private.0": {
                    "type": "aws_route_table_association",
                    "depends_on": [
                        "aws_route_table.private.*",
                        "aws_subnet.private.*"
                    ],
                    "primary": {
                        "id": "rtbassoc-03d97aa1bdbc086ec",
                        "attributes": {
                            "id": "rtbassoc-03d97aa1bdbc086ec",
                            "route_table_id": "rtb-0f88703fb6ba2378d",
                            "subnet_id": "subnet-00412afe71be449dd"
                        },
                        "meta": {},
                        "tainted": false
                    },
                    "deposed": [],
                    "provider": "provider.aws"
                },
                "aws_route_table_association.private.1": {
                    "type": "aws_route_table_association",
                    "depends_on": [
                        "aws_route_table.private.*",
                        "aws_subnet.private.*"
                    ],
                    "primary": {
                        "id": "rtbassoc-06b82ddd576fef29a",
                        "attributes": {
                            "id": "rtbassoc-06b82ddd576fef29a",
                            "route_table_id": "rtb-02fc308ea87c4ab5d",
                            "subnet_id": "subnet-0360eb07fde780668"
                        },
                        "meta": {},
                        "tainted": false
                    },
                    "deposed": [],
                    "provider": "provider.aws"
                },
                "aws_route_table_association.private.2": {
                    "type": "aws_route_table_association",
                    "depends_on": [
                        "aws_route_table.private.*",
                        "aws_subnet.private.*"
                    ],
                    "primary": {
                        "id": "rtbassoc-0f46fc644ea13680f",
                        "attributes": {
                            "id": "rtbassoc-0f46fc644ea13680f",
                            "route_table_id": "rtb-0c1280571ecc22f6e",
                            "subnet_id": "subnet-0a4c3317b23f1ea1f"
                        },
                        "meta": {},
                        "tainted": false
                    },
                    "deposed": [],
                    "provider": "provider.aws"
                },
                "aws_route_table_association.private.3": {
                    "type": "aws_route_table_association",
                    "depends_on": [
                        "aws_route_table.private.*",
                        "aws_subnet.private.*"
                    ],
                    "primary": {
                        "id": "rtbassoc-0cc4add8e021e66ce",
                        "attributes": {
                            "id": "rtbassoc-0cc4add8e021e66ce",
                            "route_table_id": "rtb-09bd28be0f1676883",
                            "subnet_id": "subnet-0e1bffc6653e74b65"
                        },
                        "meta": {},
                        "tainted": false
                    },
                    "deposed": [],
                    "provider": "provider.aws"
                },
                "aws_route_table_association.public.0": {
                    "type": "aws_route_table_association",
                    "depends_on": [
                        "aws_route_table.public",
                        "aws_subnet.public.*"
                    ],
                    "primary": {
                        "id": "rtbassoc-0b01d00375d605232",
                        "attributes": {
                            "id": "rtbassoc-0b01d00375d605232",
                            "route_table_id": "rtb-0c695c51057f5a164",
                            "subnet_id": "subnet-0763ee3ad17683bbd"
                        },
                        "meta": {},
                        "tainted": false
                    },
                    "deposed": [],
                    "provider": "provider.aws"
                },
                "aws_route_table_association.public.1": {
                    "type": "aws_route_table_association",
                    "depends_on": [
                        "aws_route_table.public",
                        "aws_subnet.public.*"
                    ],
                    "primary": {
                        "id": "rtbassoc-0af8da52af7c183c1",
                        "attributes": {
                            "id": "rtbassoc-0af8da52af7c183c1",
                            "route_table_id": "rtb-0c695c51057f5a164",
                            "subnet_id": "subnet-047f8fee4e2b32136"
                        },
                        "meta": {},
                        "tainted": false
                    },
                    "deposed": [],
                    "provider": "provider.aws"
                },
                "aws_route_table_association.public.2": {
                    "type": "aws_route_table_association",
                    "depends_on": [
                        "aws_route_table.public",
                        "aws_subnet.public.*"
                    ],
                    "primary": {
                        "id": "rtbassoc-0df18d283ff714209",
                        "attributes": {
                            "id": "rtbassoc-0df18d283ff714209",
                            "route_table_id": "rtb-0c695c51057f5a164",
                            "subnet_id": "subnet-0bfda90227e10279e"
                        },
                        "meta": {},
                        "tainted": false
                    },
                    "deposed": [],
                    "provider": "provider.aws"
                },
                "aws_route_table_association.public.3": {
                    "type": "aws_route_table_association",
                    "depends_on": [
                        "aws_route_table.public",
                        "aws_subnet.public.*"
                    ],
                    "primary": {
                        "id": "rtbassoc-0d38ac7aea910284c",
                        "attributes": {
                            "id": "rtbassoc-0d38ac7aea910284c",
                            "route_table_id": "rtb-0c695c51057f5a164",
                            "subnet_id": "subnet-0d18d4ba201ddd46b"
                        },
                        "meta": {},
                        "tainted": false
                    },
                    "deposed": [],
                    "provider": "provider.aws"
                },
                "aws_subnet.database.0": {
                    "type": "aws_subnet",
                    "depends_on": [
                        "aws_vpc.this"
                    ],
                    "primary": {
                        "id": "subnet-0769dfd1ba741e406",
                        "attributes": {
                            "arn": "arn:aws:ec2:us-east-1:992175897595:subnet/subnet-0769dfd1ba741e406",
                            "assign_ipv6_address_on_creation": "false",
                            "availability_zone": "us-east-1a",
                            "cidr_block": "10.0.254.0/24",
                            "id": "subnet-0769dfd1ba741e406",
                            "map_public_ip_on_launch": "false",
                            "tags.%": "1",
                            "tags.Name": "howes-grocery-staging-db-us-east-1a",
                            "vpc_id": "vpc-0eba6dfb87116efce"
                        },
                        "meta": {
                            "e2bfb730-ecaa-11e6-8f88-34363bc7c4c0": {
                                "create": 600000000000,
                                "delete": 600000000000
                            },
                            "schema_version": "1"
                        },
                        "tainted": false
                    },
                    "deposed": [],
                    "provider": "provider.aws"
                },
                "aws_subnet.database.1": {
                    "type": "aws_subnet",
                    "depends_on": [
                        "aws_vpc.this"
                    ],
                    "primary": {
                        "id": "subnet-01a5ef68b5bf261b7",
                        "attributes": {
                            "arn": "arn:aws:ec2:us-east-1:992175897595:subnet/subnet-01a5ef68b5bf261b7",
                            "assign_ipv6_address_on_creation": "false",
                            "availability_zone": "us-east-1b",
                            "cidr_block": "10.0.253.0/24",
                            "id": "subnet-01a5ef68b5bf261b7",
                            "map_public_ip_on_launch": "false",
                            "tags.%": "1",
                            "tags.Name": "howes-grocery-staging-db-us-east-1b",
                            "vpc_id": "vpc-0eba6dfb87116efce"
                        },
                        "meta": {
                            "e2bfb730-ecaa-11e6-8f88-34363bc7c4c0": {
                                "create": 600000000000,
                                "delete": 600000000000
                            },
                            "schema_version": "1"
                        },
                        "tainted": false
                    },
                    "deposed": [],
                    "provider": "provider.aws"
                },
                "aws_subnet.database.2": {
                    "type": "aws_subnet",
                    "depends_on": [
                        "aws_vpc.this"
                    ],
                    "primary": {
                        "id": "subnet-0e4803e2a772bbf61",
                        "attributes": {
                            "arn": "arn:aws:ec2:us-east-1:992175897595:subnet/subnet-0e4803e2a772bbf61",
                            "assign_ipv6_address_on_creation": "false",
                            "availability_zone": "us-east-1c",
                            "cidr_block": "10.0.252.0/24",
                            "id": "subnet-0e4803e2a772bbf61",
                            "map_public_ip_on_launch": "false",
                            "tags.%": "1",
                            "tags.Name": "howes-grocery-staging-db-us-east-1c",
                            "vpc_id": "vpc-0eba6dfb87116efce"
                        },
                        "meta": {
                            "e2bfb730-ecaa-11e6-8f88-34363bc7c4c0": {
                                "create": 600000000000,
                                "delete": 600000000000
                            },
                            "schema_version": "1"
                        },
                        "tainted": false
                    },
                    "deposed": [],
                    "provider": "provider.aws"
                },
                "aws_subnet.database.3": {
                    "type": "aws_subnet",
                    "depends_on": [
                        "aws_vpc.this"
                    ],
                    "primary": {
                        "id": "subnet-0a6e118d2e348f440",
                        "attributes": {
                            "arn": "arn:aws:ec2:us-east-1:992175897595:subnet/subnet-0a6e118d2e348f440",
                            "assign_ipv6_address_on_creation": "false",
                            "availability_zone": "us-east-1d",
                            "cidr_block": "10.0.251.0/24",
                            "id": "subnet-0a6e118d2e348f440",
                            "map_public_ip_on_launch": "false",
                            "tags.%": "1",
                            "tags.Name": "howes-grocery-staging-db-us-east-1d",
                            "vpc_id": "vpc-0eba6dfb87116efce"
                        },
                        "meta": {
                            "e2bfb730-ecaa-11e6-8f88-34363bc7c4c0": {
                                "create": 600000000000,
                                "delete": 600000000000
                            },
                            "schema_version": "1"
                        },
                        "tainted": false
                    },
                    "deposed": [],
                    "provider": "provider.aws"
                },
                "aws_subnet.private.0": {
                    "type": "aws_subnet",
                    "depends_on": [
                        "aws_vpc.this"
                    ],
                    "primary": {
                        "id": "subnet-00412afe71be449dd",
                        "attributes": {
                            "arn": "arn:aws:ec2:us-east-1:992175897595:subnet/subnet-00412afe71be449dd",
                            "assign_ipv6_address_on_creation": "false",
                            "availability_zone": "us-east-1a",
                            "cidr_block": "10.0.5.0/24",
                            "id": "subnet-00412afe71be449dd",
                            "map_public_ip_on_launch": "false",
                            "tags.%": "1",
                            "tags.Name": "howes-grocery-staging-private-us-east-1a",
                            "vpc_id": "vpc-0eba6dfb87116efce"
                        },
                        "meta": {
                            "e2bfb730-ecaa-11e6-8f88-34363bc7c4c0": {
                                "create": 600000000000,
                                "delete": 600000000000
                            },
                            "schema_version": "1"
                        },
                        "tainted": false
                    },
                    "deposed": [],
                    "provider": "provider.aws"
                },
                "aws_subnet.private.1": {
                    "type": "aws_subnet",
                    "depends_on": [
                        "aws_vpc.this"
                    ],
                    "primary": {
                        "id": "subnet-0360eb07fde780668",
                        "attributes": {
                            "arn": "arn:aws:ec2:us-east-1:992175897595:subnet/subnet-0360eb07fde780668",
                            "assign_ipv6_address_on_creation": "false",
                            "availability_zone": "us-east-1b",
                            "cidr_block": "10.0.6.0/24",
                            "id": "subnet-0360eb07fde780668",
                            "map_public_ip_on_launch": "false",
                            "tags.%": "1",
                            "tags.Name": "howes-grocery-staging-private-us-east-1b",
                            "vpc_id": "vpc-0eba6dfb87116efce"
                        },
                        "meta": {
                            "e2bfb730-ecaa-11e6-8f88-34363bc7c4c0": {
                                "create": 600000000000,
                                "delete": 600000000000
                            },
                            "schema_version": "1"
                        },
                        "tainted": false
                    },
                    "deposed": [],
                    "provider": "provider.aws"
                },
                "aws_subnet.private.2": {
                    "type": "aws_subnet",
                    "depends_on": [
                        "aws_vpc.this"
                    ],
                    "primary": {
                        "id": "subnet-0a4c3317b23f1ea1f",
                        "attributes": {
                            "arn": "arn:aws:ec2:us-east-1:992175897595:subnet/subnet-0a4c3317b23f1ea1f",
                            "assign_ipv6_address_on_creation": "false",
                            "availability_zone": "us-east-1c",
                            "cidr_block": "10.0.7.0/24",
                            "id": "subnet-0a4c3317b23f1ea1f",
                            "map_public_ip_on_launch": "false",
                            "tags.%": "1",
                            "tags.Name": "howes-grocery-staging-private-us-east-1c",
                            "vpc_id": "vpc-0eba6dfb87116efce"
                        },
                        "meta": {
                            "e2bfb730-ecaa-11e6-8f88-34363bc7c4c0": {
                                "create": 600000000000,
                                "delete": 600000000000
                            },
                            "schema_version": "1"
                        },
                        "tainted": false
                    },
                    "deposed": [],
                    "provider": "provider.aws"
                },
                "aws_subnet.private.3": {
                    "type": "aws_subnet",
                    "depends_on": [
                        "aws_vpc.this"
                    ],
                    "primary": {
                        "id": "subnet-0e1bffc6653e74b65",
                        "attributes": {
                            "arn": "arn:aws:ec2:us-east-1:992175897595:subnet/subnet-0e1bffc6653e74b65",
                            "assign_ipv6_address_on_creation": "false",
                            "availability_zone": "us-east-1d",
                            "cidr_block": "10.0.8.0/24",
                            "id": "subnet-0e1bffc6653e74b65",
                            "map_public_ip_on_launch": "false",
                            "tags.%": "1",
                            "tags.Name": "howes-grocery-staging-private-us-east-1d",
                            "vpc_id": "vpc-0eba6dfb87116efce"
                        },
                        "meta": {
                            "e2bfb730-ecaa-11e6-8f88-34363bc7c4c0": {
                                "create": 600000000000,
                                "delete": 600000000000
                            },
                            "schema_version": "1"
                        },
                        "tainted": false
                    },
                    "deposed": [],
                    "provider": "provider.aws"
                },
                "aws_subnet.public.0": {
                    "type": "aws_subnet",
                    "depends_on": [
                        "aws_vpc.this"
                    ],
                    "primary": {
                        "id": "subnet-0763ee3ad17683bbd",
                        "attributes": {
                            "arn": "arn:aws:ec2:us-east-1:992175897595:subnet/subnet-0763ee3ad17683bbd",
                            "assign_ipv6_address_on_creation": "false",
                            "availability_zone": "us-east-1a",
                            "cidr_block": "10.0.1.0/24",
                            "id": "subnet-0763ee3ad17683bbd",
                            "map_public_ip_on_launch": "true",
                            "tags.%": "1",
                            "tags.Name": "howes-grocery-staging-public-us-east-1a",
                            "vpc_id": "vpc-0eba6dfb87116efce"
                        },
                        "meta": {
                            "e2bfb730-ecaa-11e6-8f88-34363bc7c4c0": {
                                "create": 600000000000,
                                "delete": 600000000000
                            },
                            "schema_version": "1"
                        },
                        "tainted": false
                    },
                    "deposed": [],
                    "provider": "provider.aws"
                },
                "aws_subnet.public.1": {
                    "type": "aws_subnet",
                    "depends_on": [
                        "aws_vpc.this"
                    ],
                    "primary": {
                        "id": "subnet-047f8fee4e2b32136",
                        "attributes": {
                            "arn": "arn:aws:ec2:us-east-1:992175897595:subnet/subnet-047f8fee4e2b32136",
                            "assign_ipv6_address_on_creation": "false",
                            "availability_zone": "us-east-1b",
                            "cidr_block": "10.0.2.0/24",
                            "id": "subnet-047f8fee4e2b32136",
                            "map_public_ip_on_launch": "true",
                            "tags.%": "1",
                            "tags.Name": "howes-grocery-staging-public-us-east-1b",
                            "vpc_id": "vpc-0eba6dfb87116efce"
                        },
                        "meta": {
                            "e2bfb730-ecaa-11e6-8f88-34363bc7c4c0": {
                                "create": 600000000000,
                                "delete": 600000000000
                            },
                            "schema_version": "1"
                        },
                        "tainted": false
                    },
                    "deposed": [],
                    "provider": "provider.aws"
                },
                "aws_subnet.public.2": {
                    "type": "aws_subnet",
                    "depends_on": [
                        "aws_vpc.this"
                    ],
                    "primary": {
                        "id": "subnet-0bfda90227e10279e",
                        "attributes": {
                            "arn": "arn:aws:ec2:us-east-1:992175897595:subnet/subnet-0bfda90227e10279e",
                            "assign_ipv6_address_on_creation": "false",
                            "availability_zone": "us-east-1c",
                            "cidr_block": "10.0.3.0/24",
                            "id": "subnet-0bfda90227e10279e",
                            "map_public_ip_on_launch": "true",
                            "tags.%": "1",
                            "tags.Name": "howes-grocery-staging-public-us-east-1c",
                            "vpc_id": "vpc-0eba6dfb87116efce"
                        },
                        "meta": {
                            "e2bfb730-ecaa-11e6-8f88-34363bc7c4c0": {
                                "create": 600000000000,
                                "delete": 600000000000
                            },
                            "schema_version": "1"
                        },
                        "tainted": false
                    },
                    "deposed": [],
                    "provider": "provider.aws"
                },
                "aws_subnet.public.3": {
                    "type": "aws_subnet",
                    "depends_on": [
                        "aws_vpc.this"
                    ],
                    "primary": {
                        "id": "subnet-0d18d4ba201ddd46b",
                        "attributes": {
                            "arn": "arn:aws:ec2:us-east-1:992175897595:subnet/subnet-0d18d4ba201ddd46b",
                            "assign_ipv6_address_on_creation": "false",
                            "availability_zone": "us-east-1d",
                            "cidr_block": "10.0.4.0/24",
                            "id": "subnet-0d18d4ba201ddd46b",
                            "map_public_ip_on_launch": "true",
                            "tags.%": "1",
                            "tags.Name": "howes-grocery-staging-public-us-east-1d",
                            "vpc_id": "vpc-0eba6dfb87116efce"
                        },
                        "meta": {
                            "e2bfb730-ecaa-11e6-8f88-34363bc7c4c0": {
                                "create": 600000000000,
                                "delete": 600000000000
                            },
                            "schema_version": "1"
                        },
                        "tainted": false
                    },
                    "deposed": [],
                    "provider": "provider.aws"
                },
                "aws_vpc.this": {
                    "type": "aws_vpc",
                    "depends_on": [],
                    "primary": {
                        "id": "vpc-0eba6dfb87116efce",
                        "attributes": {
                            "arn": "arn:aws:ec2:us-east-1:992175897595:vpc/vpc-0eba6dfb87116efce",
                            "assign_generated_ipv6_cidr_block": "false",
                            "cidr_block": "10.0.0.0/16",
                            "default_network_acl_id": "acl-0f700161b38cc40de",
                            "default_route_table_id": "rtb-042b7791be39767b3",
                            "default_security_group_id": "sg-018ecdba6d434d674",
                            "dhcp_options_id": "dopt-30ca5b48",
                            "enable_classiclink": "false",
                            "enable_classiclink_dns_support": "false",
                            "enable_dns_hostnames": "true",
                            "enable_dns_support": "true",
                            "id": "vpc-0eba6dfb87116efce",
                            "instance_tenancy": "default",
                            "ipv6_association_id": "",
                            "ipv6_cidr_block": "",
                            "main_route_table_id": "rtb-042b7791be39767b3",
                            "tags.%": "1",
                            "tags.Name": "howes-grocery-staging"
                        },
                        "meta": {
                            "schema_version": "1"
                        },
                        "tainted": false
                    },
                    "deposed": [],
                    "provider": "provider.aws"
                },
                "aws_vpc_endpoint.s3": {
                    "type": "aws_vpc_endpoint",
                    "depends_on": [
                        "aws_vpc.this",
                        "data.aws_vpc_endpoint_service.s3"
                    ],
                    "primary": {
                        "id": "vpce-04e71c419bcb418a3",
                        "attributes": {
                            "cidr_blocks.#": "2",
                            "cidr_blocks.0": "54.231.0.0/17",
                            "cidr_blocks.1": "52.216.0.0/15",
                            "dns_entry.#": "0",
                            "id": "vpce-04e71c419bcb418a3",
                            "network_interface_ids.#": "0",
                            "policy": "{\"Statement\":[{\"Action\":\"*\",\"Effect\":\"Allow\",\"Principal\":\"*\",\"Resource\":\"*\"}],\"Version\":\"2008-10-17\"}",
                            "prefix_list_id": "pl-63a5400a",
                            "private_dns_enabled": "false",
                            "route_table_ids.#": "5",
                            "route_table_ids.1026392187": "rtb-09bd28be0f1676883",
                            "route_table_ids.3555258458": "rtb-0c695c51057f5a164",
                            "route_table_ids.3708535537": "rtb-0c1280571ecc22f6e",
                            "route_table_ids.3716890048": "rtb-0f88703fb6ba2378d",
                            "route_table_ids.3811183286": "rtb-02fc308ea87c4ab5d",
                            "security_group_ids.#": "0",
                            "service_name": "com.amazonaws.us-east-1.s3",
                            "state": "available",
                            "subnet_ids.#": "0",
                            "vpc_endpoint_type": "Gateway",
                            "vpc_id": "vpc-0eba6dfb87116efce"
                        },
                        "meta": {
                            "e2bfb730-ecaa-11e6-8f88-34363bc7c4c0": {
                                "create": 600000000000,
                                "delete": 600000000000,
                                "update": 600000000000
                            }
                        },
                        "tainted": false
                    },
                    "deposed": [],
                    "provider": "provider.aws"
                },
                "aws_vpc_endpoint_route_table_association.private_s3.0": {
                    "type": "aws_vpc_endpoint_route_table_association",
                    "depends_on": [
                        "aws_route_table.private.*",
                        "aws_vpc_endpoint.s3",
                        "local.nat_gateway_count"
                    ],
                    "primary": {
                        "id": "a-vpce-04e71c419bcb418a33716890048",
                        "attributes": {
                            "id": "a-vpce-04e71c419bcb418a33716890048",
                            "route_table_id": "rtb-0f88703fb6ba2378d",
                            "vpc_endpoint_id": "vpce-04e71c419bcb418a3"
                        },
                        "meta": {},
                        "tainted": false
                    },
                    "deposed": [],
                    "provider": "provider.aws"
                },
                "aws_vpc_endpoint_route_table_association.private_s3.1": {
                    "type": "aws_vpc_endpoint_route_table_association",
                    "depends_on": [
                        "aws_route_table.private.*",
                        "aws_vpc_endpoint.s3",
                        "local.nat_gateway_count"
                    ],
                    "primary": {
                        "id": "a-vpce-04e71c419bcb418a33811183286",
                        "attributes": {
                            "id": "a-vpce-04e71c419bcb418a33811183286",
                            "route_table_id": "rtb-02fc308ea87c4ab5d",
                            "vpc_endpoint_id": "vpce-04e71c419bcb418a3"
                        },
                        "meta": {},
                        "tainted": false
                    },
                    "deposed": [],
                    "provider": "provider.aws"
                },
                "aws_vpc_endpoint_route_table_association.private_s3.2": {
                    "type": "aws_vpc_endpoint_route_table_association",
                    "depends_on": [
                        "aws_route_table.private.*",
                        "aws_vpc_endpoint.s3",
                        "local.nat_gateway_count"
                    ],
                    "primary": {
                        "id": "a-vpce-04e71c419bcb418a33708535537",
                        "attributes": {
                            "id": "a-vpce-04e71c419bcb418a33708535537",
                            "route_table_id": "rtb-0c1280571ecc22f6e",
                            "vpc_endpoint_id": "vpce-04e71c419bcb418a3"
                        },
                        "meta": {},
                        "tainted": false
                    },
                    "deposed": [],
                    "provider": "provider.aws"
                },
                "aws_vpc_endpoint_route_table_association.private_s3.3": {
                    "type": "aws_vpc_endpoint_route_table_association",
                    "depends_on": [
                        "aws_route_table.private.*",
                        "aws_vpc_endpoint.s3",
                        "local.nat_gateway_count"
                    ],
                    "primary": {
                        "id": "a-vpce-04e71c419bcb418a31026392187",
                        "attributes": {
                            "id": "a-vpce-04e71c419bcb418a31026392187",
                            "route_table_id": "rtb-09bd28be0f1676883",
                            "vpc_endpoint_id": "vpce-04e71c419bcb418a3"
                        },
                        "meta": {},
                        "tainted": false
                    },
                    "deposed": [],
                    "provider": "provider.aws"
                },
                "aws_vpc_endpoint_route_table_association.public_s3": {
                    "type": "aws_vpc_endpoint_route_table_association",
                    "depends_on": [
                        "aws_route_table.public",
                        "aws_vpc_endpoint.s3"
                    ],
                    "primary": {
                        "id": "a-vpce-04e71c419bcb418a33555258458",
                        "attributes": {
                            "id": "a-vpce-04e71c419bcb418a33555258458",
                            "route_table_id": "rtb-0c695c51057f5a164",
                            "vpc_endpoint_id": "vpce-04e71c419bcb418a3"
                        },
                        "meta": {},
                        "tainted": false
                    },
                    "deposed": [],
                    "provider": "provider.aws"
                },
                "data.aws_vpc_endpoint_service.s3": {
                    "type": "aws_vpc_endpoint_service",
                    "depends_on": [],
                    "primary": {
                        "id": "195798706",
                        "attributes": {
                            "acceptance_required": "false",
                            "availability_zones.#": "6",
                            "availability_zones.1252502072": "us-east-1f",
                            "availability_zones.1305112097": "us-east-1b",
                            "availability_zones.2762590996": "us-east-1d",
                            "availability_zones.3551460226": "us-east-1e",
                            "availability_zones.3569565595": "us-east-1a",
                            "availability_zones.986537655": "us-east-1c",
                            "base_endpoint_dns_names.#": "1",
                            "base_endpoint_dns_names.1629071467": "s3.us-east-1.amazonaws.com",
                            "id": "195798706",
                            "owner": "amazon",
                            "private_dns_name": "",
                            "service": "s3",
                            "service_name": "com.amazonaws.us-east-1.s3",
                            "service_type": "Gateway",
                            "vpc_endpoint_policy_supported": "true"
                        },
                        "meta": {},
                        "tainted": false
                    },
                    "deposed": [],
                    "provider": "provider.aws"
                }
            },
            "depends_on": []
        },
        {
            "path": [
                "root",
                "rds",
                "db_instance"
            ],
            "outputs": {
                "this_db_instance_name": {
                    "sensitive": false,
                    "type": "string",
                    "value": "howes_grocery_staging"
                },
                "this_db_instance_password": {
                    "sensitive": false,
                    "type": "string",
                    "value": "crxFgAKJu9y7yHmCuH7P"
                },
                "this_db_instance_port": {
                    "sensitive": false,
                    "type": "string",
                    "value": "3306"
                },
                "this_db_instance_username": {
                    "sensitive": false,
                    "type": "string",
                    "value": "app"
                }
            },
            "resources": {},
            "depends_on": []
        },
        {
            "path": [
                "root",
                "rds",
                "db_option_group"
            ],
            "outputs": {
                "this_db_option_group_arn": {
                    "sensitive": false,
                    "type": "string",
                    "value": ""
                },
                "this_db_option_group_id": {
                    "sensitive": false,
                    "type": "string",
                    "value": ""
                }
            },
            "resources": {},
            "depends_on": []
        },
        {
            "path": [
                "root",
                "rds",
                "db_parameter_group"
            ],
            "outputs": {
                "this_db_parameter_group_arn": {
                    "sensitive": false,
                    "type": "string",
                    "value": ""
                },
                "this_db_parameter_group_id": {
                    "sensitive": false,
                    "type": "string",
                    "value": ""
                }
            },
            "resources": {},
            "depends_on": []
        },
        {
            "path": [
                "root",
                "rds",
                "db_subnet_group"
            ],
            "outputs": {
                "this_db_subnet_group_arn": {
                    "sensitive": false,
                    "type": "string",
                    "value": ""
                },
                "this_db_subnet_group_id": {
                    "sensitive": false,
                    "type": "string",
                    "value": ""
                }
            },
            "resources": {},
            "depends_on": []
        }
    ]
}
